
Microsoft Visual Studio Solution File, Format Version 12.00
# Visual Studio Version 16
VisualStudioVersion = 16.0.31729.503
MinimumVisualStudioVersion = 10.0.40219.1
Project("{FAE04EC0-301F-11D3-BF4B-00C04F79EFBC}") = "PartialClass", "PartialClass.csproj", "{D3044CA2-88E9-4A92-856C-2545EE1FA5D1}"
EndProject
Global
	GlobalSection(SolutionConfigurationPlatforms) = preSolution
		Debug|Any CPU = Debug|Any CPU
		Release|Any CPU = Release|Any CPU
	EndGlobalSection
	GlobalSection(ProjectConfigurationPlatforms) = postSolution
		{D3044CA2-88E9-4A92-856C-2545EE1FA5D1}.Debug|Any CPU.ActiveCfg = Debug|Any CPU
		{D3044CA2-88E9-4A92-856C-2545EE1FA5D1}.Debug|Any CPU.Build.0 = Debug|Any CPU
		{D3044CA2-88E9-4A92-856C-2545EE1FA5D1}.Release|Any CPU.ActiveCfg = Release|Any CPU
		{D3044CA2-88E9-4A92-856C-2545EE1FA5D1}.Release|Any CPU.Build.0 = Release|Any CPU
	EndGlobalSection
	GlobalSection(SolutionProperties) = preSolution
		HideSolutionNode = FALSE
	EndGlobalSection
	GlobalSection(ExtensibilityGlobals) = postSolution
		SolutionGuid = {5DCE1AED-3C30-4708-ACFB-625C0B0950C1}
	EndGlobalSection
EndGlobal
